
Microsoft Visual Studio Solution File, Format Version 12.00
# Visual Studio Version 16
VisualStudioVersion = 16.0.30413.136
MinimumVisualStudioVersion = 10.0.40219.1
Project("{FAE04EC0-301F-11D3-BF4B-00C04F79EFBC}") = "MechanicBackupBridge", "MechanicBackupBridge\MechanicBackupBridge.csproj", "{33D14679-878C-4A19-9828-9AA680EFC55D}"
EndProject
Global
	GlobalSection(SolutionConfigurationPlatforms) = preSolution
		Debug|Any CPU = Debug|Any CPU
		Release|Any CPU = Release|Any CPU
	EndGlobalSection
	GlobalSection(ProjectConfigurationPlatforms) = postSolution
		{33D14679-878C-4A19-9828-9AA680EFC55D}.Debug|Any CPU.ActiveCfg = Debug|Any CPU
		{33D14679-878C-4A19-9828-9AA680EFC55D}.Debug|Any CPU.Build.0 = Debug|Any CPU
		{33D14679-878C-4A19-9828-9AA680EFC55D}.Release|Any CPU.ActiveCfg = Release|Any CPU
		{33D14679-878C-4A19-9828-9AA680EFC55D}.Release|Any CPU.Build.0 = Release|Any CPU
	EndGlobalSection
	GlobalSection(SolutionProperties) = preSolution
		HideSolutionNode = FALSE
	EndGlobalSection
	GlobalSection(ExtensibilityGlobals) = postSolution
		SolutionGuid = {7C86306F-4C07-43C3-8843-74C822C84D39}
	EndGlobalSection
EndGlobal
